
Microsoft Visual Studio Solution File, Format Version 12.00
# Visual Studio Version 16
VisualStudioVersion = 16.0.30011.22
MinimumVisualStudioVersion = 10.0.40219.1
Project("{2150E333-8FDC-42A3-9474-1A3956D46DE8}") = "api", "api", "{BC2FA9AC-DCC9-44AD-B178-BBA568FC64CB}"
EndProject
Project("{2150E333-8FDC-42A3-9474-1A3956D46DE8}") = "opentelemetry", "opentelemetry", "{2B93FC6D-A7C5-43D4-984B-E60322931288}"
	ProjectSection(SolutionItems) = preProject
		..\api\include\opentelemetry\config.h = ..\api\include\opentelemetry\config.h
		..\api\include\opentelemetry\version.h = ..\api\include\opentelemetry\version.h
	EndProjectSection
EndProject
Project("{2150E333-8FDC-42A3-9474-1A3956D46DE8}") = "event", "event", "{82459F33-7252-4924-A9EC-D45398F90E3C}"
	ProjectSection(SolutionItems) = preProject
		..\api\include\opentelemetry\event\UUID.hpp = ..\api\include\opentelemetry\event\UUID.hpp
	EndProjectSection
EndProject
Project("{2150E333-8FDC-42A3-9474-1A3956D46DE8}") = "trace", "trace", "{E715BD40-2F7F-4C27-8051-735179DC8817}"
	ProjectSection(SolutionItems) = preProject
		..\api\include\opentelemetry\trace\canonical_code.h = ..\api\include\opentelemetry\trace\canonical_code.h
		..\api\include\opentelemetry\trace\key_value_iterable.h = ..\api\include\opentelemetry\trace\key_value_iterable.h
		..\api\include\opentelemetry\trace\key_value_iterable_view.h = ..\api\include\opentelemetry\trace\key_value_iterable_view.h
		..\api\include\opentelemetry\trace\noop.h = ..\api\include\opentelemetry\trace\noop.h
		..\api\include\opentelemetry\trace\provider.h = ..\api\include\opentelemetry\trace\provider.h
		..\api\include\opentelemetry\trace\span.h = ..\api\include\opentelemetry\trace\span.h
		..\api\include\opentelemetry\trace\span_id.h = ..\api\include\opentelemetry\trace\span_id.h
		..\api\include\opentelemetry\trace\trace_flags.h = ..\api\include\opentelemetry\trace\trace_flags.h
		..\api\include\opentelemetry\trace\trace_id.h = ..\api\include\opentelemetry\trace\trace_id.h
		..\api\include\opentelemetry\trace\tracer.h = ..\api\include\opentelemetry\trace\tracer.h
		..\api\include\opentelemetry\trace\tracer_provider.h = ..\api\include\opentelemetry\trace\tracer_provider.h
	EndProjectSection
EndProject
Project("{2150E333-8FDC-42A3-9474-1A3956D46DE8}") = "nostd", "nostd", "{F37A41EA-8C41-4F3D-8F8A-7D8E25181E1F}"
	ProjectSection(SolutionItems) = preProject
		..\api\include\opentelemetry\nostd\function_ref.h = ..\api\include\opentelemetry\nostd\function_ref.h
		..\api\include\opentelemetry\nostd\nostd.h = ..\api\include\opentelemetry\nostd\nostd.h
		..\api\include\opentelemetry\nostd\shared_ptr.h = ..\api\include\opentelemetry\nostd\shared_ptr.h
		..\api\include\opentelemetry\nostd\span.h = ..\api\include\opentelemetry\nostd\span.h
		..\api\include\opentelemetry\nostd\stltypes.h = ..\api\include\opentelemetry\nostd\stltypes.h
		..\api\include\opentelemetry\nostd\string_view.h = ..\api\include\opentelemetry\nostd\string_view.h
		..\api\include\opentelemetry\nostd\type_traits.h = ..\api\include\opentelemetry\nostd\type_traits.h
		..\api\include\opentelemetry\nostd\unique_ptr.h = ..\api\include\opentelemetry\nostd\unique_ptr.h
		..\api\include\opentelemetry\nostd\utility.h = ..\api\include\opentelemetry\nostd\utility.h
		..\api\include\opentelemetry\nostd\variant.h = ..\api\include\opentelemetry\nostd\variant.h
	EndProjectSection
EndProject
Project("{2150E333-8FDC-42A3-9474-1A3956D46DE8}") = "detail", "detail", "{C683BA13-1243-4B17-8BC8-FCE4CB60EDD8}"
	ProjectSection(SolutionItems) = preProject
		..\api\include\opentelemetry\nostd\detail\all.h = ..\api\include\opentelemetry\nostd\detail\all.h
		..\api\include\opentelemetry\nostd\detail\decay.h = ..\api\include\opentelemetry\nostd\detail\decay.h
		..\api\include\opentelemetry\nostd\detail\dependent_type.h = ..\api\include\opentelemetry\nostd\detail\dependent_type.h
		..\api\include\opentelemetry\nostd\detail\find_index.h = ..\api\include\opentelemetry\nostd\detail\find_index.h
		..\api\include\opentelemetry\nostd\detail\functional.h = ..\api\include\opentelemetry\nostd\detail\functional.h
		..\api\include\opentelemetry\nostd\detail\invoke.h = ..\api\include\opentelemetry\nostd\detail\invoke.h
		..\api\include\opentelemetry\nostd\detail\recursive_union.h = ..\api\include\opentelemetry\nostd\detail\recursive_union.h
		..\api\include\opentelemetry\nostd\detail\trait.h = ..\api\include\opentelemetry\nostd\detail\trait.h
		..\api\include\opentelemetry\nostd\detail\type_pack_element.h = ..\api\include\opentelemetry\nostd\detail\type_pack_element.h
		..\api\include\opentelemetry\nostd\detail\valueless.h = ..\api\include\opentelemetry\nostd\detail\valueless.h
		..\api\include\opentelemetry\nostd\detail\variant_alternative.h = ..\api\include\opentelemetry\nostd\detail\variant_alternative.h
		..\api\include\opentelemetry\nostd\detail\variant_fwd.h = ..\api\include\opentelemetry\nostd\detail\variant_fwd.h
		..\api\include\opentelemetry\nostd\detail\variant_size.h = ..\api\include\opentelemetry\nostd\detail\variant_size.h
		..\api\include\opentelemetry\nostd\detail\void.h = ..\api\include\opentelemetry\nostd\detail\void.h
	EndProjectSection
EndProject
Project("{2150E333-8FDC-42A3-9474-1A3956D46DE8}") = "sdk", "sdk", "{5B09FEFC-9830-4350-9D35-7F12391A71DA}"
EndProject
Project("{2150E333-8FDC-42A3-9474-1A3956D46DE8}") = "opentelemetry", "opentelemetry", "{3CBC4AE2-10F0-4B32-8C86-FAB4B2F55B16}"
EndProject
Project("{2150E333-8FDC-42A3-9474-1A3956D46DE8}") = "common", "common", "{33CF4306-056E-4B97-A721-DBFD676143AA}"
	ProjectSection(SolutionItems) = preProject
		..\api\include\opentelemetry\common\attribute_value.h = ..\api\include\opentelemetry\common\attribute_value.h
	EndProjectSection
EndProject
Project("{8BC9CEB8-8B4A-11D0-8D11-00A0C91BC942}") = "StreamTracer", "..\examples\TraceStreamer\TraceStreamer.vcxproj", "{6EC0D1B9-6589-45A4-9B7F-D5390F0CC5FC}"
EndProject
Global
	GlobalSection(SolutionConfigurationPlatforms) = preSolution
		Debug|x64 = Debug|x64
		Debug|x86 = Debug|x86
		Release|x64 = Release|x64
		Release|x86 = Release|x86
	EndGlobalSection
	GlobalSection(ProjectConfigurationPlatforms) = postSolution
		{6EC0D1B9-6589-45A4-9B7F-D5390F0CC5FC}.Debug|x64.ActiveCfg = Debug|x64
		{6EC0D1B9-6589-45A4-9B7F-D5390F0CC5FC}.Debug|x64.Build.0 = Debug|x64
		{6EC0D1B9-6589-45A4-9B7F-D5390F0CC5FC}.Debug|x86.ActiveCfg = Debug|Win32
		{6EC0D1B9-6589-45A4-9B7F-D5390F0CC5FC}.Debug|x86.Build.0 = Debug|Win32
		{6EC0D1B9-6589-45A4-9B7F-D5390F0CC5FC}.Release|x64.ActiveCfg = Release|x64
		{6EC0D1B9-6589-45A4-9B7F-D5390F0CC5FC}.Release|x64.Build.0 = Release|x64
		{6EC0D1B9-6589-45A4-9B7F-D5390F0CC5FC}.Release|x86.ActiveCfg = Release|Win32
		{6EC0D1B9-6589-45A4-9B7F-D5390F0CC5FC}.Release|x86.Build.0 = Release|Win32
	EndGlobalSection
	GlobalSection(SolutionProperties) = preSolution
		HideSolutionNode = FALSE
	EndGlobalSection
	GlobalSection(NestedProjects) = preSolution
		{2B93FC6D-A7C5-43D4-984B-E60322931288} = {BC2FA9AC-DCC9-44AD-B178-BBA568FC64CB}
		{82459F33-7252-4924-A9EC-D45398F90E3C} = {2B93FC6D-A7C5-43D4-984B-E60322931288}
		{E715BD40-2F7F-4C27-8051-735179DC8817} = {2B93FC6D-A7C5-43D4-984B-E60322931288}
		{F37A41EA-8C41-4F3D-8F8A-7D8E25181E1F} = {2B93FC6D-A7C5-43D4-984B-E60322931288}
		{C683BA13-1243-4B17-8BC8-FCE4CB60EDD8} = {F37A41EA-8C41-4F3D-8F8A-7D8E25181E1F}
		{3CBC4AE2-10F0-4B32-8C86-FAB4B2F55B16} = {5B09FEFC-9830-4350-9D35-7F12391A71DA}
		{33CF4306-056E-4B97-A721-DBFD676143AA} = {2B93FC6D-A7C5-43D4-984B-E60322931288}
	EndGlobalSection
	GlobalSection(ExtensibilityGlobals) = postSolution
		SolutionGuid = {41302516-BF06-3364-9450-F0D8BA88F950}
	EndGlobalSection
EndGlobal
