<?xml version="1.0" encoding="utf-8"?>
<Project ToolsVersion="4.0" xmlns="http://schemas.microsoft.com/developer/msbuild/2003">
  <ItemGroup>
    <ClCompile Include="main.cpp" />
  </ItemGroup>
  <ItemGroup>
    <ClInclude Include="utils.hpp" />
    <ClInclude Include="ETWTracer.hpp" />
  </ItemGroup>
  <ItemGroup>
    <Filter Include="scripts">
      <UniqueIdentifier>{e42db0ab-8f5b-4fcb-962e-b95d244a8cdf}</UniqueIdentifier>
    </Filter>
  </ItemGroup>
  <ItemGroup>
    <None Include="PipeListener.cmd">
      <Filter>scripts</Filter>
    </None>
    <None Include="PipeListener.ps1">
      <Filter>scripts</Filter>
    </None>
    <None Include="README.md" />
  </ItemGroup>
</Project>